
Microsoft Visual Studio Solution File, Format Version 12.00
# Visual Studio Version 16
VisualStudioVersion = 16.0.31025.194
MinimumVisualStudioVersion = 10.0.40219.1
Project("{8BC9CEB8-8B4A-11D0-8D11-00A0C91BC942}") = "game", "game\game.vcxproj", "{77DA539F-087A-4A7D-BAA7-C77F97DEDBCA}"
EndProject
Global
	GlobalSection(SolutionConfigurationPlatforms) = preSolution
		Debug|x64 = Debug|x64
		Debug|x86 = Debug|x86
		Release|x64 = Release|x64
		Release|x86 = Release|x86
	EndGlobalSection
	GlobalSection(ProjectConfigurationPlatforms) = postSolution
		{77DA539F-087A-4A7D-BAA7-C77F97DEDBCA}.Debug|x64.ActiveCfg = Debug|x64
		{77DA539F-087A-4A7D-BAA7-C77F97DEDBCA}.Debug|x64.Build.0 = Debug|x64
		{77DA539F-087A-4A7D-BAA7-C77F97DEDBCA}.Debug|x86.ActiveCfg = Debug|Win32
		{77DA539F-087A-4A7D-BAA7-C77F97DEDBCA}.Debug|x86.Build.0 = Debug|Win32
		{77DA539F-087A-4A7D-BAA7-C77F97DEDBCA}.Release|x64.ActiveCfg = Release|x64
		{77DA539F-087A-4A7D-BAA7-C77F97DEDBCA}.Release|x64.Build.0 = Release|x64
		{77DA539F-087A-4A7D-BAA7-C77F97DEDBCA}.Release|x86.ActiveCfg = Release|Win32
		{77DA539F-087A-4A7D-BAA7-C77F97DEDBCA}.Release|x86.Build.0 = Release|Win32
	EndGlobalSection
	GlobalSection(SolutionProperties) = preSolution
		HideSolutionNode = FALSE
	EndGlobalSection
	GlobalSection(ExtensibilityGlobals) = postSolution
		SolutionGuid = {9CE170AF-A454-44B7-97DD-7B4C49AF7083}
	EndGlobalSection
EndGlobal
